{
  "name": "fo",
  "version": "1.0.0",
  "lockfileVersion": 1,
  "requires": true,
  "dependencies": {
    "bootstrap": {
      "version": "4.6.0",
      "resolved": "https://registry.npmjs.org/bootstrap/-/bootstrap-4.6.0.tgz",
      "integrity": "sha512-Io55IuQY3kydzHtbGvQya3H+KorS/M9rSNyfCGCg9WZ4pyT/lCxIlpJgG1GXW/PswzC84Tr2fBYi+7+jFVQQBw=="
    },
    "bootstrap-datepicker": {
      "version": "1.9.0",
      "resolved": "https://registry.npmjs.org/bootstrap-datepicker/-/bootstrap-datepicker-1.9.0.tgz",
      "integrity": "sha512-9rYYbaVOheGYxjOr/+bJCmRPihfy+LkLSg4fIFMT9Od8WwWB/MB50w0JO1eBgKUMbb7PFHQD5uAfI3ArAxZRXA==",
      "requires": {
        "jquery": ">=1.7.1 <4.0.0"
      }
    },
    "dom7": {
      "version": "3.0.0",
      "resolved": "https://registry.npmjs.org/dom7/-/dom7-3.0.0.tgz",
      "integrity": "sha512-oNlcUdHsC4zb7Msx7JN3K0Nro1dzJ48knvBOnDPKJ2GV9wl1i5vydJZUSyOfrkKFDZEud/jBsTk92S/VGSAe/g==",
      "requires": {
        "ssr-window": "^3.0.0-alpha.1"
      }
    },
    "html5shiv": {
      "version": "file:html5shiv-3.7.2"
    },
    "intl-tel-input": {
      "version": "17.0.13",
      "resolved": "https://registry.npmjs.org/intl-tel-input/-/intl-tel-input-17.0.13.tgz",
      "integrity": "sha512-+jPgPKUcgbhSSRN0BZLJOdntTaMv8tqowLrVQ3CGCNGpMKb4B9PRyzOZQpwo1FeA+LTOzvErOlBhbCuQog7R3g=="
    },
    "jquery": {
      "version": "3.5.1",
      "resolved": "https://registry.npmjs.org/jquery/-/jquery-3.5.1.tgz",
      "integrity": "sha512-XwIBPqcMn57FxfT+Go5pzySnm4KWkT1Tv7gjrpT1srtf8Weynl6R273VJ5GjkRb51IzMp5nbaPjJXMWeju2MKg=="
    },
    "jquery-mask-plugin": {
      "version": "1.14.16",
      "resolved": "https://registry.npmjs.org/jquery-mask-plugin/-/jquery-mask-plugin-1.14.16.tgz",
      "integrity": "sha512-reywdHlYEkPbzWjTpcc1fk9XQ3PLvO5dzEAVqy8zI7NTF22tB1HbeU3iboZTLdkBEPaWAqeI2HtEjsGQ4roZKw=="
    },
    "ssr-window": {
      "version": "3.0.0",
      "resolved": "https://registry.npmjs.org/ssr-window/-/ssr-window-3.0.0.tgz",
      "integrity": "sha512-q+8UfWDg9Itrg0yWK7oe5p/XRCJpJF9OBtXfOPgSJl+u3Xd5KI328RUEvUqSMVM9CiQUEf1QdBzJMkYGErj9QA=="
    },
    "swiper": {
      "version": "6.5.6",
      "resolved": "https://registry.npmjs.org/swiper/-/swiper-6.5.6.tgz",
      "integrity": "sha512-oKVshbF0vhdMFJXtcNH8vLpmyCHc7VvvIlOUafyazzlYzCRJmI80FxoIBWKzSqDyy8EXRn7Iy78p9o4I1Bww/Q==",
      "requires": {
        "dom7": "^3.0.0",
        "ssr-window": "^3.0.0"
      }
    },
    "zxcvbn": {
      "version": "4.2.0",
      "resolved": "https://registry.npmjs.org/zxcvbn/-/zxcvbn-4.2.0.tgz",
      "integrity": "sha1-QCW0QZxuUZudffceYK9E8olkDj8="
    }
  }
}
